// !$*UTF8*$!
{
	archiveVersion = 1;
	classes = {
	};
	objectVersion = 46;
	objects = {

/* Begin PBXBuildFile section */
		7428F4C71F75D50800421EDE /* AppDelegate.swift in Sources */ = {isa = PBXBuildFile; fileRef = 7428F4C61F75D50800421EDE /* AppDelegate.swift */; };
		7428F4C91F75D50800421EDE /* ViewController.swift in Sources */ = {isa = PBXBuildFile; fileRef = 7428F4C81F75D50800421EDE /* ViewController.swift */; };
		7428F4CC1F75D50800421EDE /* Main.storyboard in Resources */ = {isa = PBXBuildFile; fileRef = 7428F4CA1F75D50800421EDE /* Main.storyboard */; };
		7428F4CE1F75D50800421EDE /* Assets.xcassets in Resources */ = {isa = PBXBuildFile; fileRef = 7428F4CD1F75D50800421EDE /* Assets.xcassets */; };
		7428F4D11F75D50800421EDE /* LaunchScreen.storyboard in Resources */ = {isa = PBXBuildFile; fileRef = 7428F4CF1F75D50800421EDE /* LaunchScreen.storyboard */; };
		7428F4DC1F75D50800421EDE /* QuizTests.swift in Sources */ = {isa = PBXBuildFile; fileRef = 7428F4DB1F75D50800421EDE /* QuizTests.swift */; };
		7428F4E71F75D50800421EDE /* QuizUITests.swift in Sources */ = {isa = PBXBuildFile; fileRef = 7428F4E61F75D50800421EDE /* QuizUITests.swift */; };
/* End PBXBuildFile section */

/* Begin PBXContainerItemProxy section */
		7428F4D81F75D50800421EDE /* PBXContainerItemProxy */ = {
			isa = PBXContainerItemProxy;
			containerPortal = 7428F4BB1F75D50800421EDE /* Project object */;
			proxyType = 1;
			remoteGlobalIDString = 7428F4C21F75D50800421EDE;
			remoteInfo = Quiz;
		};
		7428F4E31F75D50800421EDE /* PBXContainerItemProxy */ = {
			isa = PBXContainerItemProxy;
			containerPortal = 7428F4BB1F75D50800421EDE /* Project object */;
			proxyType = 1;
			remoteGlobalIDString = 7428F4C21F75D50800421EDE;
			remoteInfo = Quiz;
		};
/* End PBXContainerItemProxy section */

/* Begin PBXFileReference section */
		7428F4C31F75D50800421EDE /* Quiz.app */ = {isa = PBXFileReference; explicitFileType = wrapper.application; includeInIndex = 0; path = Quiz.app; sourceTree = BUILT_PRODUCTS_DIR; };
		7428F4C61F75D50800421EDE /* AppDelegate.swift */ = {isa = PBXFileReference; lastKnownFileType = sourcecode.swift; path = AppDelegate.swift; sourceTree = "<group>"; };
		7428F4C81F75D50800421EDE /* ViewController.swift */ = {isa = PBXFileReference; lastKnownFileType = sourcecode.swift; path = ViewController.swift; sourceTree = "<group>"; };
		7428F4CB1F75D50800421EDE /* Base */ = {isa = PBXFileReference; lastKnownFileType = file.storyboard; name = Base; path = Base.lproj/Main.storyboard; sourceTree = "<group>"; };
		7428F4CD1F75D50800421EDE /* Assets.xcassets */ = {isa = PBXFileReference; lastKnownFileType = folder.assetcatalog; path = Assets.xcassets; sourceTree = "<group>"; };
		7428F4D01F75D50800421EDE /* Base */ = {isa = PBXFileReference; lastKnownFileType = file.storyboard; name = Base; path = Base.lproj/LaunchScreen.storyboard; sourceTree = "<group>"; };
		7428F4D21F75D50800421EDE /* Info.plist */ = {isa = PBXFileReference; lastKnownFileType = text.plist.xml; path = Info.plist; sourceTree = "<group>"; };
		7428F4D71F75D50800421EDE /* QuizTests.xctest */ = {isa = PBXFileReference; explicitFileType = wrapper.cfbundle; includeInIndex = 0; path = QuizTests.xctest; sourceTree = BUILT_PRODUCTS_DIR; };
		7428F4DB1F75D50800421EDE /* QuizTests.swift */ = {isa = PBXFileReference; lastKnownFileType = sourcecode.swift; path = QuizTests.swift; sourceTree = "<group>"; };
		7428F4DD1F75D50800421EDE /* Info.plist */ = {isa = PBXFileReference; lastKnownFileType = text.plist.xml; path = Info.plist; sourceTree = "<group>"; };
		7428F4E21F75D50800421EDE /* QuizUITests.xctest */ = {isa = PBXFileReference; explicitFileType = wrapper.cfbundle; includeInIndex = 0; path = QuizUITests.xctest; sourceTree = BUILT_PRODUCTS_DIR; };
		7428F4E61F75D50800421EDE /* QuizUITests.swift */ = {isa = PBXFileReference; lastKnownFileType = sourcecode.swift; path = QuizUITests.swift; sourceTree = "<group>"; };
		7428F4E81F75D50800421EDE /* Info.plist */ = {isa = PBXFileReference; lastKnownFileType = text.plist.xml; path = Info.plist; sourceTree = "<group>"; };
/* End PBXFileReference section */

/* Begin PBXFrameworksBuildPhase section */
		7428F4C01F75D50800421EDE /* Frameworks */ = {
			isa = PBXFrameworksBuildPhase;
			buildActionMask = 2147483647;
			files = (
			);
			runOnlyForDeploymentPostprocessing = 0;
		};
		7428F4D41F75D50800421EDE /* Frameworks */ = {
			isa = PBXFrameworksBuildPhase;
			buildActionMask = 2147483647;
			files = (
			);
			runOnlyForDeploymentPostprocessing = 0;
		};
		7428F4DF1F75D50800421EDE /* Frameworks */ = {
			isa = PBXFrameworksBuildPhase;
			buildActionMask = 2147483647;
			files = (
			);
			runOnlyForDeploymentPostprocessing = 0;
		};
/* End PBXFrameworksBuildPhase section */

/* Begin PBXGroup section */
		7428F4BA1F75D50800421EDE = {
			isa = PBXGroup;
			children = (
				7428F4C51F75D50800421EDE /* Quiz */,
				7428F4DA1F75D50800421EDE /* QuizTests */,
				7428F4E51F75D50800421EDE /* QuizUITests */,
				7428F4C41F75D50800421EDE /* Products */,
			);
			sourceTree = "<group>";
		};
		7428F4C41F75D50800421EDE /* Products */ = {
			isa = PBXGroup;
			children = (
				7428F4C31F75D50800421EDE /* Quiz.app */,
				7428F4D71F75D50800421EDE /* QuizTests.xctest */,
				7428F4E21F75D50800421EDE /* QuizUITests.xctest */,
			);
			name = Products;
			sourceTree = "<group>";
		};
		7428F4C51F75D50800421EDE /* Quiz */ = {
			isa = PBXGroup;
			children = (
				7428F4C61F75D50800421EDE /* AppDelegate.swift */,
				7428F4C81F75D50800421EDE /* ViewController.swift */,
				7428F4CA1F75D50800421EDE /* Main.storyboard */,
				7428F4CD1F75D50800421EDE /* Assets.xcassets */,
				7428F4CF1F75D50800421EDE /* LaunchScreen.storyboard */,
				7428F4D21F75D50800421EDE /* Info.plist */,
			);
			path = Quiz;
			sourceTree = "<group>";
		};
		7428F4DA1F75D50800421EDE /* QuizTests */ = {
			isa = PBXGroup;
			children = (
				7428F4DB1F75D50800421EDE /* QuizTests.swift */,
				7428F4DD1F75D50800421EDE /* Info.plist */,
			);
			path = QuizTests;
			sourceTree = "<group>";
		};
		7428F4E51F75D50800421EDE /* QuizUITests */ = {
			isa = PBXGroup;
			children = (
				7428F4E61F75D50800421EDE /* QuizUITests.swift */,
				7428F4E81F75D50800421EDE /* Info.plist */,
			);
			path = QuizUITests;
			sourceTree = "<group>";
		};
/* End PBXGroup section */

/* Begin PBXNativeTarget section */
		7428F4C21F75D50800421EDE /* Quiz */ = {
			isa = PBXNativeTarget;
			buildConfigurationList = 7428F4EB1F75D50800421EDE /* Build configuration list for PBXNativeTarget "Quiz" */;
			buildPhases = (
				7428F4BF1F75D50800421EDE /* Sources */,
				7428F4C01F75D50800421EDE /* Frameworks */,
				7428F4C11F75D50800421EDE /* Resources */,
			);
			buildRules = (
			);
			dependencies = (
			);
			name = Quiz;
			productName = Quiz;
			productReference = 7428F4C31F75D50800421EDE /* Quiz.app */;
			productType = "com.apple.product-type.application";
		};
		7428F4D61F75D50800421EDE /* QuizTests */ = {
			isa = PBXNativeTarget;
			buildConfigurationList = 7428F4EE1F75D50800421EDE /* Build configuration list for PBXNativeTarget "QuizTests" */;
			buildPhases = (
				7428F4D31F75D50800421EDE /* Sources */,
				7428F4D41F75D50800421EDE /* Frameworks */,
				7428F4D51F75D50800421EDE /* Resources */,
			);
			buildRules = (
			);
			dependencies = (
				7428F4D91F75D50800421EDE /* PBXTargetDependency */,
			);
			name = QuizTests;
			productName = QuizTests;
			productReference = 7428F4D71F75D50800421EDE /* QuizTests.xctest */;
			productType = "com.apple.product-type.bundle.unit-test";
		};
		7428F4E11F75D50800421EDE /* QuizUITests */ = {
			isa = PBXNativeTarget;
			buildConfigurationList = 7428F4F11F75D50800421EDE /* Build configuration list for PBXNativeTarget "QuizUITests" */;
			buildPhases = (
				7428F4DE1F75D50800421EDE /* Sources */,
				7428F4DF1F75D50800421EDE /* Frameworks */,
				7428F4E01F75D50800421EDE /* Resources */,
			);
			buildRules = (
			);
			dependencies = (
				7428F4E41F75D50800421EDE /* PBXTargetDependency */,
			);
			name = QuizUITests;
			productName = QuizUITests;
			productReference = 7428F4E21F75D50800421EDE /* QuizUITests.xctest */;
			productType = "com.apple.product-type.bundle.ui-testing";
		};
/* End PBXNativeTarget section */

/* Begin PBXProject section */
		7428F4BB1F75D50800421EDE /* Project object */ = {
			isa = PBXProject;
			attributes = {
				LastSwiftUpdateCheck = 0830;
				LastUpgradeCheck = 0830;
				ORGANIZATIONNAME = "Christian Tobias";
				TargetAttributes = {
					7428F4C21F75D50800421EDE = {
						CreatedOnToolsVersion = 8.3.3;
						ProvisioningStyle = Automatic;
					};
					7428F4D61F75D50800421EDE = {
						CreatedOnToolsVersion = 8.3.3;
						ProvisioningStyle = Automatic;
						TestTargetID = 7428F4C21F75D50800421EDE;
					};
					7428F4E11F75D50800421EDE = {
						CreatedOnToolsVersion = 8.3.3;
						ProvisioningStyle = Automatic;
						TestTargetID = 7428F4C21F75D50800421EDE;
					};
				};
			};
			buildConfigurationList = 7428F4BE1F75D50800421EDE /* Build configuration list for PBXProject "Quiz" */;
			compatibilityVersion = "Xcode 3.2";
			developmentRegion = English;
			hasScannedForEncodings = 0;
			knownRegions = (
				en,
				Base,
			);
			mainGroup = 7428F4BA1F75D50800421EDE;
			productRefGroup = 7428F4C41F75D50800421EDE /* Products */;
			projectDirPath = "";
			projectRoot = "";
			targets = (
				7428F4C21F75D50800421EDE /* Quiz */,
				7428F4D61F75D50800421EDE /* QuizTests */,
				7428F4E11F75D50800421EDE /* QuizUITests */,
			);
		};
/* End PBXProject section */

/* Begin PBXResourcesBuildPhase section */
		7428F4C11F75D50800421EDE /* Resources */ = {
			isa = PBXResourcesBuildPhase;
			buildActionMask = 2147483647;
			files = (
				7428F4D11F75D50800421EDE /* LaunchScreen.storyboard in Resources */,
				7428F4CE1F75D50800421EDE /* Assets.xcassets in Resources */,
				7428F4CC1F75D50800421EDE /* Main.storyboard in Resources */,
			);
			runOnlyForDeploymentPostprocessing = 0;
		};
		7428F4D51F75D50800421EDE /* Resources */ = {
			isa = PBXResourcesBuildPhase;
			buildActionMask = 2147483647;
			files = (
			);
			runOnlyForDeploymentPostprocessing = 0;
		};
		7428F4E01F75D50800421EDE /* Resources */ = {
			isa = PBXResourcesBuildPhase;
			buildActionMask = 2147483647;
			files = (
			);
			runOnlyForDeploymentPostprocessing = 0;
		};
/* End PBXResourcesBuildPhase section */

/* Begin PBXSourcesBuildPhase section */
		7428F4BF1F75D50800421EDE /* Sources */ = {
			isa = PBXSourcesBuildPhase;
			buildActionMask = 2147483647;
			files = (
				7428F4C91F75D50800421EDE /* ViewController.swift in Sources */,
				7428F4C71F75D50800421EDE /* AppDelegate.swift in Sources */,
			);
			runOnlyForDeploymentPostprocessing = 0;
		};
		7428F4D31F75D50800421EDE /* Sources */ = {
			isa = PBXSourcesBuildPhase;
			buildActionMask = 2147483647;
			files = (
				7428F4DC1F75D50800421EDE /* QuizTests.swift in Sources */,
			);
			runOnlyForDeploymentPostprocessing = 0;
		};
		7428F4DE1F75D50800421EDE /* Sources */ = {
			isa = PBXSourcesBuildPhase;
			buildActionMask = 2147483647;
			files = (
				7428F4E71F75D50800421EDE /* QuizUITests.swift in Sources */,
			);
			runOnlyForDeploymentPostprocessing = 0;
		};
/* End PBXSourcesBuildPhase section */

/* Begin PBXTargetDependency section */
		7428F4D91F75D50800421EDE /* PBXTargetDependency */ = {
			isa = PBXTargetDependency;
			target = 7428F4C21F75D50800421EDE /* Quiz */;
			targetProxy = 7428F4D81F75D50800421EDE /* PBXContainerItemProxy */;
		};
		7428F4E41F75D50800421EDE /* PBXTargetDependency */ = {
			isa = PBXTargetDependency;
			target = 7428F4C21F75D50800421EDE /* Quiz */;
			targetProxy = 7428F4E31F75D50800421EDE /* PBXContainerItemProxy */;
		};
/* End PBXTargetDependency section */

/* Begin PBXVariantGroup section */
		7428F4CA1F75D50800421EDE /* Main.storyboard */ = {
			isa = PBXVariantGroup;
			children = (
				7428F4CB1F75D50800421EDE /* Base */,
			);
			name = Main.storyboard;
			sourceTree = "<group>";
		};
		7428F4CF1F75D50800421EDE /* LaunchScreen.storyboard */ = {
			isa = PBXVariantGroup;
			children = (
				7428F4D01F75D50800421EDE /* Base */,
			);
			name = LaunchScreen.storyboard;
			sourceTree = "<group>";
		};
/* End PBXVariantGroup section */

/* Begin XCBuildConfiguration section */
		7428F4E91F75D50800421EDE /* Debug */ = {
			isa = XCBuildConfiguration;
			buildSettings = {
				ALWAYS_SEARCH_USER_PATHS = NO;
				CLANG_ANALYZER_NONNULL = YES;
				CLANG_ANALYZER_NUMBER_OBJECT_CONVERSION = YES_AGGRESSIVE;
				CLANG_CXX_LANGUAGE_STANDARD = "gnu++0x";
				CLANG_CXX_LIBRARY = "libc++";
				CLANG_ENABLE_MODULES = YES;
				CLANG_ENABLE_OBJC_ARC = YES;
				CLANG_WARN_BOOL_CONVERSION = YES;
				CLANG_WARN_CONSTANT_CONVERSION = YES;
				CLANG_WARN_DIRECT_OBJC_ISA_USAGE = YES_ERROR;
				CLANG_WARN_DOCUMENTATION_COMMENTS = YES;
				CLANG_WARN_EMPTY_BODY = YES;
				CLANG_WARN_ENUM_CONVERSION = YES;
				CLANG_WARN_INFINITE_RECURSION = YES;
				CLANG_WARN_INT_CONVERSION = YES;
				CLANG_WARN_OBJC_ROOT_CLASS = YES_ERROR;
				CLANG_WARN_SUSPICIOUS_MOVE = YES;
				CLANG_WARN_UNREACHABLE_CODE = YES;
				CLANG_WARN__DUPLICATE_METHOD_MATCH = YES;
				"CODE_SIGN_IDENTITY[sdk=iphoneos*]" = "iPhone Developer";
				COPY_PHASE_STRIP = NO;
				DEBUG_INFORMATION_FORMAT = dwarf;
				ENABLE_STRICT_OBJC_MSGSEND = YES;
				ENABLE_TESTABILITY = YES;
				GCC_C_LANGUAGE_STANDARD = gnu99;
				GCC_DYNAMIC_NO_PIC = NO;
				GCC_NO_COMMON_BLOCKS = YES;
				GCC_OPTIMIZATION_LEVEL = 0;
				GCC_PREPROCESSOR_DEFINITIONS = (
					"DEBUG=1",
					"$(inherited)",
				);
				GCC_WARN_64_TO_32_BIT_CONVERSION = YES;
				GCC_WARN_ABOUT_RETURN_TYPE = YES_ERROR;
				GCC_WARN_UNDECLARED_SELECTOR = YES;
				GCC_WARN_UNINITIALIZED_AUTOS = YES_AGGRESSIVE;
				GCC_WARN_UNUSED_FUNCTION = YES;
				GCC_WARN_UNUSED_VARIABLE = YES;
				IPHONEOS_DEPLOYMENT_TARGET = 10.3;
				MTL_ENABLE_DEBUG_INFO = YES;
				ONLY_ACTIVE_ARCH = YES;
				SDKROOT = iphoneos;
				SWIFT_ACTIVE_COMPILATION_CONDITIONS = DEBUG;
				SWIFT_OPTIMIZATION_LEVEL = "-Onone";
				TARGETED_DEVICE_FAMILY = "1,2";
			};
			name = Debug;
		};
		7428F4EA1F75D50800421EDE /* Release */ = {
			isa = XCBuildConfiguration;
			buildSettings = {
				ALWAYS_SEARCH_USER_PATHS = NO;
				CLANG_ANALYZER_NONNULL = YES;
				CLANG_ANALYZER_NUMBER_OBJECT_CONVERSION = YES_AGGRESSIVE;
				CLANG_CXX_LANGUAGE_STANDARD = "gnu++0x";
				CLANG_CXX_LIBRARY = "libc++";
				CLANG_ENABLE_MODULES = YES;
				CLANG_ENABLE_OBJC_ARC = YES;
				CLANG_WARN_BOOL_CONVERSION = YES;
				CLANG_WARN_CONSTANT_CONVERSION = YES;
				CLANG_WARN_DIRECT_OBJC_ISA_USAGE = YES_ERROR;
				CLANG_WARN_DOCUMENTATION_COMMENTS = YES;
				CLANG_WARN_EMPTY_BODY = YES;
				CLANG_WARN_ENUM_CONVERSION = YES;
				CLANG_WARN_INFINITE_RECURSION = YES;
				CLANG_WARN_INT_CONVERSION = YES;
				CLANG_WARN_OBJC_ROOT_CLASS = YES_ERROR;
				CLANG_WARN_SUSPICIOUS_MOVE = YES;
				CLANG_WARN_UNREACHABLE_CODE = YES;
				CLANG_WARN__DUPLICATE_METHOD_MATCH = YES;
				"CODE_SIGN_IDENTITY[sdk=iphoneos*]" = "iPhone Developer";
				COPY_PHASE_STRIP = NO;
				DEBUG_INFORMATION_FORMAT = "dwarf-with-dsym";
				ENABLE_NS_ASSERTIONS = NO;
				ENABLE_STRICT_OBJC_MSGSEND = YES;
				GCC_C_LANGUAGE_STANDARD = gnu99;
				GCC_NO_COMMON_BLOCKS = YES;
				GCC_WARN_64_TO_32_BIT_CONVERSION = YES;
				GCC_WARN_ABOUT_RETURN_TYPE = YES_ERROR;
				GCC_WARN_UNDECLARED_SELECTOR = YES;
				GCC_WARN_UNINITIALIZED_AUTOS = YES_AGGRESSIVE;
				GCC_WARN_UNUSED_FUNCTION = YES;
				GCC_WARN_UNUSED_VARIABLE = YES;
				IPHONEOS_DEPLOYMENT_TARGET = 10.3;
				MTL_ENABLE_DEBUG_INFO = NO;
				SDKROOT = iphoneos;
				SWIFT_OPTIMIZATION_LEVEL = "-Owholemodule";
				TARGETED_DEVICE_FAMILY = "1,2";
				VALIDATE_PRODUCT = YES;
			};
			name = Release;
		};
		7428F4EC1F75D50800421EDE /* Debug */ = {
			isa = XCBuildConfiguration;
			buildSettings = {
				ASSETCATALOG_COMPILER_APPICON_NAME = AppIcon;
				INFOPLIST_FILE = Quiz/Info.plist;
				LD_RUNPATH_SEARCH_PATHS = "$(inherited) @executable_path/Frameworks";
				PRODUCT_BUNDLE_IDENTIFIER = com.ybs.Quiz;
				PRODUCT_NAME = "$(TARGET_NAME)";
				SWIFT_VERSION = 3.0;
			};
			name = Debug;
		};
		7428F4ED1F75D50800421EDE /* Release */ = {
			isa = XCBuildConfiguration;
			buildSettings = {
				ASSETCATALOG_COMPILER_APPICON_NAME = AppIcon;
				INFOPLIST_FILE = Quiz/Info.plist;
				LD_RUNPATH_SEARCH_PATHS = "$(inherited) @executable_path/Frameworks";
				PRODUCT_BUNDLE_IDENTIFIER = com.ybs.Quiz;
				PRODUCT_NAME = "$(TARGET_NAME)";
				SWIFT_VERSION = 3.0;
			};
			name = Release;
		};
		7428F4EF1F75D50800421EDE /* Debug */ = {
			isa = XCBuildConfiguration;
			buildSettings = {
				ALWAYS_EMBED_SWIFT_STANDARD_LIBRARIES = YES;
				BUNDLE_LOADER = "$(TEST_HOST)";
				INFOPLIST_FILE = QuizTests/Info.plist;
				LD_RUNPATH_SEARCH_PATHS = "$(inherited) @executable_path/Frameworks @loader_path/Frameworks";
				PRODUCT_BUNDLE_IDENTIFIER = com.ybs.QuizTests;
				PRODUCT_NAME = "$(TARGET_NAME)";
				SWIFT_VERSION = 3.0;
				TEST_HOST = "$(BUILT_PRODUCTS_DIR)/Quiz.app/Quiz";
			};
			name = Debug;
		};
		7428F4F01F75D50800421EDE /* Release */ = {
			isa = XCBuildConfiguration;
			buildSettings = {
				ALWAYS_EMBED_SWIFT_STANDARD_LIBRARIES = YES;
				BUNDLE_LOADER = "$(TEST_HOST)";
				INFOPLIST_FILE = QuizTests/Info.plist;
				LD_RUNPATH_SEARCH_PATHS = "$(inherited) @executable_path/Frameworks @loader_path/Frameworks";
				PRODUCT_BUNDLE_IDENTIFIER = com.ybs.QuizTests;
				PRODUCT_NAME = "$(TARGET_NAME)";
				SWIFT_VERSION = 3.0;
				TEST_HOST = "$(BUILT_PRODUCTS_DIR)/Quiz.app/Quiz";
			};
			name = Release;
		};
		7428F4F21F75D50800421EDE /* Debug */ = {
			isa = XCBuildConfiguration;
			buildSettings = {
				ALWAYS_EMBED_SWIFT_STANDARD_LIBRARIES = YES;
				INFOPLIST_FILE = QuizUITests/Info.plist;
				LD_RUNPATH_SEARCH_PATHS = "$(inherited) @executable_path/Frameworks @loader_path/Frameworks";
				PRODUCT_BUNDLE_IDENTIFIER = com.ybs.QuizUITests;
				PRODUCT_NAME = "$(TARGET_NAME)";
				SWIFT_VERSION = 3.0;
				TEST_TARGET_NAME = Quiz;
			};
			name = Debug;
		};
		7428F4F31F75D50800421EDE /* Release */ = {
			isa = XCBuildConfiguration;
			buildSettings = {
				ALWAYS_EMBED_SWIFT_STANDARD_LIBRARIES = YES;
				INFOPLIST_FILE = QuizUITests/Info.plist;
				LD_RUNPATH_SEARCH_PATHS = "$(inherited) @executable_path/Frameworks @loader_path/Frameworks";
				PRODUCT_BUNDLE_IDENTIFIER = com.ybs.QuizUITests;
				PRODUCT_NAME = "$(TARGET_NAME)";
				SWIFT_VERSION = 3.0;
				TEST_TARGET_NAME = Quiz;
			};
			name = Release;
		};
/* End XCBuildConfiguration section */

/* Begin XCConfigurationList section */
		7428F4BE1F75D50800421EDE /* Build configuration list for PBXProject "Quiz" */ = {
			isa = XCConfigurationList;
			buildConfigurations = (
				7428F4E91F75D50800421EDE /* Debug */,
				7428F4EA1F75D50800421EDE /* Release */,
			);
			defaultConfigurationIsVisible = 0;
			defaultConfigurationName = Release;
		};
		7428F4EB1F75D50800421EDE /* Build configuration list for PBXNativeTarget "Quiz" */ = {
			isa = XCConfigurationList;
			buildConfigurations = (
				7428F4EC1F75D50800421EDE /* Debug */,
				7428F4ED1F75D50800421EDE /* Release */,
			);
			defaultConfigurationIsVisible = 0;
		};
		7428F4EE1F75D50800421EDE /* Build configuration list for PBXNativeTarget "QuizTests" */ = {
			isa = XCConfigurationList;
			buildConfigurations = (
				7428F4EF1F75D50800421EDE /* Debug */,
				7428F4F01F75D50800421EDE /* Release */,
			);
			defaultConfigurationIsVisible = 0;
		};
		7428F4F11F75D50800421EDE /* Build configuration list for PBXNativeTarget "QuizUITests" */ = {
			isa = XCConfigurationList;
			buildConfigurations = (
				7428F4F21F75D50800421EDE /* Debug */,
				7428F4F31F75D50800421EDE /* Release */,
			);
			defaultConfigurationIsVisible = 0;
		};
/* End XCConfigurationList section */
	};
	rootObject = 7428F4BB1F75D50800421EDE /* Project object */;
}
